// !$*UTF8*$!
{
	archiveVersion = 1;
	classes = {
	};
	objectVersion = 46;
	objects = {

/* Begin PBXBuildFile section */
		80B974E51CF11BF60042ED26 /* AppDelegate.swift in Sources */ = {isa = PBXBuildFile; fileRef = 80B974E41CF11BF60042ED26 /* AppDelegate.swift */; };
		80B974E71CF11BF60042ED26 /* ViewController.swift in Sources */ = {isa = PBXBuildFile; fileRef = 80B974E61CF11BF60042ED26 /* ViewController.swift */; };
		80B974EA1CF11BF60042ED26 /* Main.storyboard in Resources */ = {isa = PBXBuildFile; fileRef = 80B974E81CF11BF60042ED26 /* Main.storyboard */; };
		80B974EC1CF11BF60042ED26 /* Assets.xcassets in Resources */ = {isa = PBXBuildFile; fileRef = 80B974EB1CF11BF60042ED26 /* Assets.xcassets */; };
		80B974EF1CF11BF60042ED26 /* LaunchScreen.storyboard in Resources */ = {isa = PBXBuildFile; fileRef = 80B974ED1CF11BF60042ED26 /* LaunchScreen.storyboard */; };
		80B974F71CF11D260042ED26 /* EmergencyViewController.swift in Sources */ = {isa = PBXBuildFile; fileRef = 80B974F61CF11D260042ED26 /* EmergencyViewController.swift */; };
		80B974F91CF120190042ED26 /* EmergencyButton.swift in Sources */ = {isa = PBXBuildFile; fileRef = 80B974F81CF120190042ED26 /* EmergencyButton.swift */; };
		80B974FB1CF121F80042ED26 /* GasStationService.swift in Sources */ = {isa = PBXBuildFile; fileRef = 80B974FA1CF121F80042ED26 /* GasStationService.swift */; };
		80B974FD1CF122050042ED26 /* GasStation.swift in Sources */ = {isa = PBXBuildFile; fileRef = 80B974FC1CF122050042ED26 /* GasStation.swift */; };
		80B974FF1CF122B60042ED26 /* GasPrice.swift in Sources */ = {isa = PBXBuildFile; fileRef = 80B974FE1CF122B60042ED26 /* GasPrice.swift */; };
/* End PBXBuildFile section */

/* Begin PBXFileReference section */
		80B974E11CF11BF50042ED26 /* EmergencyFuel.app */ = {isa = PBXFileReference; explicitFileType = wrapper.application; includeInIndex = 0; path = EmergencyFuel.app; sourceTree = BUILT_PRODUCTS_DIR; };
		80B974E41CF11BF60042ED26 /* AppDelegate.swift */ = {isa = PBXFileReference; lastKnownFileType = sourcecode.swift; path = AppDelegate.swift; sourceTree = "<group>"; };
		80B974E61CF11BF60042ED26 /* ViewController.swift */ = {isa = PBXFileReference; lastKnownFileType = sourcecode.swift; path = ViewController.swift; sourceTree = "<group>"; };
		80B974E91CF11BF60042ED26 /* Base */ = {isa = PBXFileReference; lastKnownFileType = file.storyboard; name = Base; path = Base.lproj/Main.storyboard; sourceTree = "<group>"; };
		80B974EB1CF11BF60042ED26 /* Assets.xcassets */ = {isa = PBXFileReference; lastKnownFileType = folder.assetcatalog; path = Assets.xcassets; sourceTree = "<group>"; };
		80B974EE1CF11BF60042ED26 /* Base */ = {isa = PBXFileReference; lastKnownFileType = file.storyboard; name = Base; path = Base.lproj/LaunchScreen.storyboard; sourceTree = "<group>"; };
		80B974F01CF11BF60042ED26 /* Info.plist */ = {isa = PBXFileReference; lastKnownFileType = text.plist.xml; path = Info.plist; sourceTree = "<group>"; };
		80B974F61CF11D260042ED26 /* EmergencyViewController.swift */ = {isa = PBXFileReference; fileEncoding = 4; lastKnownFileType = sourcecode.swift; path = EmergencyViewController.swift; sourceTree = "<group>"; };
		80B974F81CF120190042ED26 /* EmergencyButton.swift */ = {isa = PBXFileReference; fileEncoding = 4; lastKnownFileType = sourcecode.swift; path = EmergencyButton.swift; sourceTree = "<group>"; };
		80B974FA1CF121F80042ED26 /* GasStationService.swift */ = {isa = PBXFileReference; fileEncoding = 4; lastKnownFileType = sourcecode.swift; path = GasStationService.swift; sourceTree = "<group>"; };
		80B974FC1CF122050042ED26 /* GasStation.swift */ = {isa = PBXFileReference; fileEncoding = 4; lastKnownFileType = sourcecode.swift; path = GasStation.swift; sourceTree = "<group>"; };
		80B974FE1CF122B60042ED26 /* GasPrice.swift */ = {isa = PBXFileReference; fileEncoding = 4; lastKnownFileType = sourcecode.swift; path = GasPrice.swift; sourceTree = "<group>"; };
/* End PBXFileReference section */

/* Begin PBXFrameworksBuildPhase section */
		80B974DE1CF11BF50042ED26 /* Frameworks */ = {
			isa = PBXFrameworksBuildPhase;
			buildActionMask = 2147483647;
			files = (
			);
			runOnlyForDeploymentPostprocessing = 0;
		};
/* End PBXFrameworksBuildPhase section */

/* Begin PBXGroup section */
		80B974D81CF11BF50042ED26 = {
			isa = PBXGroup;
			children = (
				80B974E31CF11BF60042ED26 /* EmergencyFuel */,
				80B974E21CF11BF50042ED26 /* Products */,
			);
			sourceTree = "<group>";
		};
		80B974E21CF11BF50042ED26 /* Products */ = {
			isa = PBXGroup;
			children = (
				80B974E11CF11BF50042ED26 /* EmergencyFuel.app */,
			);
			name = Products;
			sourceTree = "<group>";
		};
		80B974E31CF11BF60042ED26 /* EmergencyFuel */ = {
			isa = PBXGroup;
			children = (
				80B974E41CF11BF60042ED26 /* AppDelegate.swift */,
				80B974E61CF11BF60042ED26 /* ViewController.swift */,
				80B974E81CF11BF60042ED26 /* Main.storyboard */,
				80B974F81CF120190042ED26 /* EmergencyButton.swift */,
				80B974EB1CF11BF60042ED26 /* Assets.xcassets */,
				80B974ED1CF11BF60042ED26 /* LaunchScreen.storyboard */,
				80B974F01CF11BF60042ED26 /* Info.plist */,
				80B974F61CF11D260042ED26 /* EmergencyViewController.swift */,
				80B974FA1CF121F80042ED26 /* GasStationService.swift */,
				80B974FC1CF122050042ED26 /* GasStation.swift */,
				80B974FE1CF122B60042ED26 /* GasPrice.swift */,
			);
			path = EmergencyFuel;
			sourceTree = "<group>";
		};
/* End PBXGroup section */

/* Begin PBXNativeTarget section */
		80B974E01CF11BF50042ED26 /* EmergencyFuel */ = {
			isa = PBXNativeTarget;
			buildConfigurationList = 80B974F31CF11BF60042ED26 /* Build configuration list for PBXNativeTarget "EmergencyFuel" */;
			buildPhases = (
				80B974DD1CF11BF50042ED26 /* Sources */,
				80B974DE1CF11BF50042ED26 /* Frameworks */,
				80B974DF1CF11BF50042ED26 /* Resources */,
			);
			buildRules = (
			);
			dependencies = (
			);
			name = EmergencyFuel;
			productName = EmergencyFuel;
			productReference = 80B974E11CF11BF50042ED26 /* EmergencyFuel.app */;
			productType = "com.apple.product-type.application";
		};
/* End PBXNativeTarget section */

/* Begin PBXProject section */
		80B974D91CF11BF50042ED26 /* Project object */ = {
			isa = PBXProject;
			attributes = {
				LastSwiftUpdateCheck = 0730;
				LastUpgradeCheck = 0730;
				ORGANIZATIONNAME = Mateffy;
				TargetAttributes = {
					80B974E01CF11BF50042ED26 = {
						CreatedOnToolsVersion = 7.3.1;
						DevelopmentTeam = C6DMLW3W5B;
					};
				};
			};
			buildConfigurationList = 80B974DC1CF11BF50042ED26 /* Build configuration list for PBXProject "EmergencyFuel" */;
			compatibilityVersion = "Xcode 3.2";
			developmentRegion = English;
			hasScannedForEncodings = 0;
			knownRegions = (
				en,
				Base,
			);
			mainGroup = 80B974D81CF11BF50042ED26;
			productRefGroup = 80B974E21CF11BF50042ED26 /* Products */;
			projectDirPath = "";
			projectRoot = "";
			targets = (
				80B974E01CF11BF50042ED26 /* EmergencyFuel */,
			);
		};
/* End PBXProject section */

/* Begin PBXResourcesBuildPhase section */
		80B974DF1CF11BF50042ED26 /* Resources */ = {
			isa = PBXResourcesBuildPhase;
			buildActionMask = 2147483647;
			files = (
				80B974EF1CF11BF60042ED26 /* LaunchScreen.storyboard in Resources */,
				80B974EC1CF11BF60042ED26 /* Assets.xcassets in Resources */,
				80B974EA1CF11BF60042ED26 /* Main.storyboard in Resources */,
			);
			runOnlyForDeploymentPostprocessing = 0;
		};
/* End PBXResourcesBuildPhase section */

/* Begin PBXSourcesBuildPhase section */
		80B974DD1CF11BF50042ED26 /* Sources */ = {
			isa = PBXSourcesBuildPhase;
			buildActionMask = 2147483647;
			files = (
				80B974FD1CF122050042ED26 /* GasStation.swift in Sources */,
				80B974E71CF11BF60042ED26 /* ViewController.swift in Sources */,
				80B974FF1CF122B60042ED26 /* GasPrice.swift in Sources */,
				80B974E51CF11BF60042ED26 /* AppDelegate.swift in Sources */,
				80B974FB1CF121F80042ED26 /* GasStationService.swift in Sources */,
				80B974F71CF11D260042ED26 /* EmergencyViewController.swift in Sources */,
				80B974F91CF120190042ED26 /* EmergencyButton.swift in Sources */,
			);
			runOnlyForDeploymentPostprocessing = 0;
		};
/* End PBXSourcesBuildPhase section */

/* Begin PBXVariantGroup section */
		80B974E81CF11BF60042ED26 /* Main.storyboard */ = {
			isa = PBXVariantGroup;
			children = (
				80B974E91CF11BF60042ED26 /* Base */,
			);
			name = Main.storyboard;
			sourceTree = "<group>";
		};
		80B974ED1CF11BF60042ED26 /* LaunchScreen.storyboard */ = {
			isa = PBXVariantGroup;
			children = (
				80B974EE1CF11BF60042ED26 /* Base */,
			);
			name = LaunchScreen.storyboard;
			sourceTree = "<group>";
		};
/* End PBXVariantGroup section */

/* Begin XCBuildConfiguration section */
		80B974F11CF11BF60042ED26 /* Debug */ = {
			isa = XCBuildConfiguration;
			buildSettings = {
				ALWAYS_SEARCH_USER_PATHS = NO;
				CLANG_ANALYZER_NONNULL = YES;
				CLANG_CXX_LANGUAGE_STANDARD = "gnu++0x";
				CLANG_CXX_LIBRARY = "libc++";
				CLANG_ENABLE_MODULES = YES;
				CLANG_ENABLE_OBJC_ARC = YES;
				CLANG_WARN_BOOL_CONVERSION = YES;
				CLANG_WARN_CONSTANT_CONVERSION = YES;
				CLANG_WARN_DIRECT_OBJC_ISA_USAGE = YES_ERROR;
				CLANG_WARN_EMPTY_BODY = YES;
				CLANG_WARN_ENUM_CONVERSION = YES;
				CLANG_WARN_INT_CONVERSION = YES;
				CLANG_WARN_OBJC_ROOT_CLASS = YES_ERROR;
				CLANG_WARN_UNREACHABLE_CODE = YES;
				CLANG_WARN__DUPLICATE_METHOD_MATCH = YES;
				"CODE_SIGN_IDENTITY[sdk=iphoneos*]" = "iPhone Developer";
				COPY_PHASE_STRIP = NO;
				DEBUG_INFORMATION_FORMAT = dwarf;
				ENABLE_STRICT_OBJC_MSGSEND = YES;
				ENABLE_TESTABILITY = YES;
				GCC_C_LANGUAGE_STANDARD = gnu99;
				GCC_DYNAMIC_NO_PIC = NO;
				GCC_NO_COMMON_BLOCKS = YES;
				GCC_OPTIMIZATION_LEVEL = 0;
				GCC_PREPROCESSOR_DEFINITIONS = (
					"DEBUG=1",
					"$(inherited)",
				);
				GCC_WARN_64_TO_32_BIT_CONVERSION = YES;
				GCC_WARN_ABOUT_RETURN_TYPE = YES_ERROR;
				GCC_WARN_UNDECLARED_SELECTOR = YES;
				GCC_WARN_UNINITIALIZED_AUTOS = YES_AGGRESSIVE;
				GCC_WARN_UNUSED_FUNCTION = YES;
				GCC_WARN_UNUSED_VARIABLE = YES;
				IPHONEOS_DEPLOYMENT_TARGET = 9.3;
				MTL_ENABLE_DEBUG_INFO = YES;
				ONLY_ACTIVE_ARCH = YES;
				SDKROOT = iphoneos;
				SWIFT_OPTIMIZATION_LEVEL = "-Onone";
				TARGETED_DEVICE_FAMILY = "1,2";
			};
			name = Debug;
		};
		80B974F21CF11BF60042ED26 /* Release */ = {
			isa = XCBuildConfiguration;
			buildSettings = {
				ALWAYS_SEARCH_USER_PATHS = NO;
				CLANG_ANALYZER_NONNULL = YES;
				CLANG_CXX_LANGUAGE_STANDARD = "gnu++0x";
				CLANG_CXX_LIBRARY = "libc++";
				CLANG_ENABLE_MODULES = YES;
				CLANG_ENABLE_OBJC_ARC = YES;
				CLANG_WARN_BOOL_CONVERSION = YES;
				CLANG_WARN_CONSTANT_CONVERSION = YES;
				CLANG_WARN_DIRECT_OBJC_ISA_USAGE = YES_ERROR;
				CLANG_WARN_EMPTY_BODY = YES;
				CLANG_WARN_ENUM_CONVERSION = YES;
				CLANG_WARN_INT_CONVERSION = YES;
				CLANG_WARN_OBJC_ROOT_CLASS = YES_ERROR;
				CLANG_WARN_UNREACHABLE_CODE = YES;
				CLANG_WARN__DUPLICATE_METHOD_MATCH = YES;
				"CODE_SIGN_IDENTITY[sdk=iphoneos*]" = "iPhone Developer";
				COPY_PHASE_STRIP = NO;
				DEBUG_INFORMATION_FORMAT = "dwarf-with-dsym";
				ENABLE_NS_ASSERTIONS = NO;
				ENABLE_STRICT_OBJC_MSGSEND = YES;
				GCC_C_LANGUAGE_STANDARD = gnu99;
				GCC_NO_COMMON_BLOCKS = YES;
				GCC_WARN_64_TO_32_BIT_CONVERSION = YES;
				GCC_WARN_ABOUT_RETURN_TYPE = YES_ERROR;
				GCC_WARN_UNDECLARED_SELECTOR = YES;
				GCC_WARN_UNINITIALIZED_AUTOS = YES_AGGRESSIVE;
				GCC_WARN_UNUSED_FUNCTION = YES;
				GCC_WARN_UNUSED_VARIABLE = YES;
				IPHONEOS_DEPLOYMENT_TARGET = 9.3;
				MTL_ENABLE_DEBUG_INFO = NO;
				SDKROOT = iphoneos;
				TARGETED_DEVICE_FAMILY = "1,2";
				VALIDATE_PRODUCT = YES;
			};
			name = Release;
		};
		80B974F41CF11BF60042ED26 /* Debug */ = {
			isa = XCBuildConfiguration;
			buildSettings = {
				ASSETCATALOG_COMPILER_APPICON_NAME = AppIcon;
				CODE_SIGN_IDENTITY = "iPhone Developer";
				INFOPLIST_FILE = EmergencyFuel/Info.plist;
				IPHONEOS_DEPLOYMENT_TARGET = 8.0;
				LD_RUNPATH_SEARCH_PATHS = "$(inherited) @executable_path/Frameworks";
				PRODUCT_BUNDLE_IDENTIFIER = com.Mateffy.EmergencyFuel;
				PRODUCT_NAME = "$(TARGET_NAME)";
			};
			name = Debug;
		};
		80B974F51CF11BF60042ED26 /* Release */ = {
			isa = XCBuildConfiguration;
			buildSettings = {
				ASSETCATALOG_COMPILER_APPICON_NAME = AppIcon;
				CODE_SIGN_IDENTITY = "iPhone Developer";
				INFOPLIST_FILE = EmergencyFuel/Info.plist;
				IPHONEOS_DEPLOYMENT_TARGET = 8.0;
				LD_RUNPATH_SEARCH_PATHS = "$(inherited) @executable_path/Frameworks";
				PRODUCT_BUNDLE_IDENTIFIER = com.Mateffy.EmergencyFuel;
				PRODUCT_NAME = "$(TARGET_NAME)";
			};
			name = Release;
		};
/* End XCBuildConfiguration section */

/* Begin XCConfigurationList section */
		80B974DC1CF11BF50042ED26 /* Build configuration list for PBXProject "EmergencyFuel" */ = {
			isa = XCConfigurationList;
			buildConfigurations = (
				80B974F11CF11BF60042ED26 /* Debug */,
				80B974F21CF11BF60042ED26 /* Release */,
			);
			defaultConfigurationIsVisible = 0;
			defaultConfigurationName = Release;
		};
		80B974F31CF11BF60042ED26 /* Build configuration list for PBXNativeTarget "EmergencyFuel" */ = {
			isa = XCConfigurationList;
			buildConfigurations = (
				80B974F41CF11BF60042ED26 /* Debug */,
				80B974F51CF11BF60042ED26 /* Release */,
			);
			defaultConfigurationIsVisible = 0;
		};
/* End XCConfigurationList section */
	};
	rootObject = 80B974D91CF11BF50042ED26 /* Project object */;
}
